
Microsoft Visual Studio Solution File, Format Version 12.00
# Visual Studio 15
VisualStudioVersion = 15.0.28010.2003
MinimumVisualStudioVersion = 10.0.40219.1
Project("{FAE04EC0-301F-11D3-BF4B-00C04F79EFBC}") = "WelcomeRESTXML", "WelcomeRESTXML\WelcomeRESTXML.csproj", "{A7019C11-02BD-48CF-B009-9A29DE54FE41}"
EndProject
Global
	GlobalSection(SolutionConfigurationPlatforms) = preSolution
		Debug|Any CPU = Debug|Any CPU
		Release|Any CPU = Release|Any CPU
	EndGlobalSection
	GlobalSection(ProjectConfigurationPlatforms) = postSolution
		{A7019C11-02BD-48CF-B009-9A29DE54FE41}.Debug|Any CPU.ActiveCfg = Debug|Any CPU
		{A7019C11-02BD-48CF-B009-9A29DE54FE41}.Debug|Any CPU.Build.0 = Debug|Any CPU
		{A7019C11-02BD-48CF-B009-9A29DE54FE41}.Release|Any CPU.ActiveCfg = Release|Any CPU
		{A7019C11-02BD-48CF-B009-9A29DE54FE41}.Release|Any CPU.Build.0 = Release|Any CPU
	EndGlobalSection
	GlobalSection(SolutionProperties) = preSolution
		HideSolutionNode = FALSE
	EndGlobalSection
	GlobalSection(ExtensibilityGlobals) = postSolution
		SolutionGuid = {77E5994B-B0C2-4FA7-89FF-15C5DE0C794B}
	EndGlobalSection
EndGlobal
